# THIS IS AN AUTOGENERATED FILE. DO NOT EDIT THIS FILE DIRECTLY.
# yarn lockfile v1


sonic-channel@^1.2.6:
  version "1.2.6"
  resolved "https://registry.yarnpkg.com/sonic-channel/-/sonic-channel-1.2.6.tgz#b8ae761eeaa5a3854f073f0865309103d2eefb52"
  integrity sha512-vJaC27/bYvd2v2ZKx6njHoQGxoLOHLjXHc7XF+3BAyNSULJ/A1lYyJkCdVgskvpIfpX5khpsg0aWAT4sORppSA==
